
Microsoft Visual Studio Solution File, Format Version 12.00
# Visual Studio Version 17
VisualStudioVersion = 17.11.35327.3
MinimumVisualStudioVersion = 10.0.40219.1
Project("{FAE04EC0-301F-11D3-BF4B-00C04F79EFBC}") = "Todo", "Todo\Todo.csproj", "{46510828-25E0-471C-B6A8-D844ED57372C}"
EndProject
Global
	GlobalSection(SolutionConfigurationPlatforms) = preSolution
		Debug|Any CPU = Debug|Any CPU
		Release|Any CPU = Release|Any CPU
	EndGlobalSection
	GlobalSection(ProjectConfigurationPlatforms) = postSolution
		{46510828-25E0-471C-B6A8-D844ED57372C}.Debug|Any CPU.ActiveCfg = Debug|Any CPU
		{46510828-25E0-471C-B6A8-D844ED57372C}.Debug|Any CPU.Build.0 = Debug|Any CPU
		{46510828-25E0-471C-B6A8-D844ED57372C}.Release|Any CPU.ActiveCfg = Release|Any CPU
		{46510828-25E0-471C-B6A8-D844ED57372C}.Release|Any CPU.Build.0 = Release|Any CPU
	EndGlobalSection
	GlobalSection(SolutionProperties) = preSolution
		HideSolutionNode = FALSE
	EndGlobalSection
	GlobalSection(ExtensibilityGlobals) = postSolution
		SolutionGuid = {0D249DE2-7E07-42AE-840E-E7AF6CC9080B}
	EndGlobalSection
EndGlobal
